
Microsoft Visual Studio Solution File, Format Version 12.00
# Visual Studio 2013
VisualStudioVersion = 12.0.21005.1
MinimumVisualStudioVersion = 10.0.40219.1
Project("{FAE04EC0-301F-11D3-BF4B-00C04F79EFBC}") = "ebuch_project", "ebuch_project\ebuch_project.csproj", "{50D27846-3D00-432C-A504-3E4E29FBDBCA}"
EndProject
Global
	GlobalSection(SolutionConfigurationPlatforms) = preSolution
		Debug|Any CPU = Debug|Any CPU
		Release|Any CPU = Release|Any CPU
	EndGlobalSection
	GlobalSection(ProjectConfigurationPlatforms) = postSolution
		{50D27846-3D00-432C-A504-3E4E29FBDBCA}.Debug|Any CPU.ActiveCfg = Debug|Any CPU
		{50D27846-3D00-432C-A504-3E4E29FBDBCA}.Debug|Any CPU.Build.0 = Debug|Any CPU
		{50D27846-3D00-432C-A504-3E4E29FBDBCA}.Release|Any CPU.ActiveCfg = Release|Any CPU
		{50D27846-3D00-432C-A504-3E4E29FBDBCA}.Release|Any CPU.Build.0 = Release|Any CPU
	EndGlobalSection
	GlobalSection(SolutionProperties) = preSolution
		HideSolutionNode = FALSE
	EndGlobalSection
EndGlobal
